{
  "name": "sofetch",
  "version": "1.0.0",
  "lockfileVersion": 1,
  "requires": true,
  "dependencies": {
    "idb-keyval": {
      "version": "3.1.0",
      "resolved": "https://registry.npmjs.org/idb-keyval/-/idb-keyval-3.1.0.tgz",
      "integrity": "sha512-iFwFN5n00KNNnVxlOOK280SJJfXWY7pbMUOQXdIXehvvc/mGCV/6T2Ae+Pk2KwAkkATDTwfMavOiDH5lrJKWXQ=="
    }
  }
}
